
Microsoft Visual Studio Solution File, Format Version 12.00
# Visual Studio Version 17
VisualStudioVersion = 17.6.33801.468
MinimumVisualStudioVersion = 10.0.40219.1
Project("{FAE04EC0-301F-11D3-BF4B-00C04F79EFBC}") = "Sdcb.SparkDesk", "Sdcb.SparkDesk\Sdcb.SparkDesk.csproj", "{163748C6-9A59-4A5E-91DB-4C496739FB22}"
EndProject
Global
	GlobalSection(SolutionConfigurationPlatforms) = preSolution
		Debug|Any CPU = Debug|Any CPU
		Release|Any CPU = Release|Any CPU
	EndGlobalSection
	GlobalSection(ProjectConfigurationPlatforms) = postSolution
		{163748C6-9A59-4A5E-91DB-4C496739FB22}.Debug|Any CPU.ActiveCfg = Debug|Any CPU
		{163748C6-9A59-4A5E-91DB-4C496739FB22}.Debug|Any CPU.Build.0 = Debug|Any CPU
		{163748C6-9A59-4A5E-91DB-4C496739FB22}.Release|Any CPU.ActiveCfg = Release|Any CPU
		{163748C6-9A59-4A5E-91DB-4C496739FB22}.Release|Any CPU.Build.0 = Release|Any CPU
	EndGlobalSection
	GlobalSection(SolutionProperties) = preSolution
		HideSolutionNode = FALSE
	EndGlobalSection
	GlobalSection(ExtensibilityGlobals) = postSolution
		SolutionGuid = {FF532A93-A898-4351-844E-98BE55443DCC}
	EndGlobalSection
EndGlobal
